// !$*UTF8*$!
{
	archiveVersion = 1;
	classes = {
	};
	objectVersion = 48;
	objects = {

/* Begin PBXBuildFile section */
		1EA7530D2084976A005E612C /* AppDelegate.m in Sources */ = {isa = PBXBuildFile; fileRef = 1EA7530C2084976A005E612C /* AppDelegate.m */; };
		1EA753102084976A005E612C /* ViewController.m in Sources */ = {isa = PBXBuildFile; fileRef = 1EA7530F2084976A005E612C /* ViewController.m */; };
		1EA753132084976A005E612C /* Main.storyboard in Resources */ = {isa = PBXBuildFile; fileRef = 1EA753112084976A005E612C /* Main.storyboard */; };
		1EA753152084976A005E612C /* Assets.xcassets in Resources */ = {isa = PBXBuildFile; fileRef = 1EA753142084976A005E612C /* Assets.xcassets */; };
		1EA753182084976A005E612C /* LaunchScreen.storyboard in Resources */ = {isa = PBXBuildFile; fileRef = 1EA753162084976A005E612C /* LaunchScreen.storyboard */; };
		1EA7531B2084976A005E612C /* main.m in Sources */ = {isa = PBXBuildFile; fileRef = 1EA7531A2084976A005E612C /* main.m */; };
		1EA753252084976A005E612C /* SPKitTests.m in Sources */ = {isa = PBXBuildFile; fileRef = 1EA753242084976A005E612C /* SPKitTests.m */; };
		1EA753302084976A005E612C /* SPKitUITests.m in Sources */ = {isa = PBXBuildFile; fileRef = 1EA7532F2084976A005E612C /* SPKitUITests.m */; };
		1EA7534320849C8C005E612C /* NSObject+SPUtil.m in Sources */ = {isa = PBXBuildFile; fileRef = 1EA7534220849C8C005E612C /* NSObject+SPUtil.m */; };
		459A5DA653CA9AA591FDDD31 /* libPods-SPKit.a in Frameworks */ = {isa = PBXBuildFile; fileRef = D993D13D91D0C95BD1BE8835 /* libPods-SPKit.a */; };
/* End PBXBuildFile section */

/* Begin PBXContainerItemProxy section */
		1EA753212084976A005E612C /* PBXContainerItemProxy */ = {
			isa = PBXContainerItemProxy;
			containerPortal = 1EA753002084976A005E612C /* Project object */;
			proxyType = 1;
			remoteGlobalIDString = 1EA753072084976A005E612C;
			remoteInfo = SPKit;
		};
		1EA7532C2084976A005E612C /* PBXContainerItemProxy */ = {
			isa = PBXContainerItemProxy;
			containerPortal = 1EA753002084976A005E612C /* Project object */;
			proxyType = 1;
			remoteGlobalIDString = 1EA753072084976A005E612C;
			remoteInfo = SPKit;
		};
/* End PBXContainerItemProxy section */

/* Begin PBXFileReference section */
		1EA753082084976A005E612C /* SPKit.app */ = {isa = PBXFileReference; explicitFileType = wrapper.application; includeInIndex = 0; path = SPKit.app; sourceTree = BUILT_PRODUCTS_DIR; };
		1EA7530B2084976A005E612C /* AppDelegate.h */ = {isa = PBXFileReference; lastKnownFileType = sourcecode.c.h; path = AppDelegate.h; sourceTree = "<group>"; };
		1EA7530C2084976A005E612C /* AppDelegate.m */ = {isa = PBXFileReference; lastKnownFileType = sourcecode.c.objc; path = AppDelegate.m; sourceTree = "<group>"; };
		1EA7530E2084976A005E612C /* ViewController.h */ = {isa = PBXFileReference; lastKnownFileType = sourcecode.c.h; path = ViewController.h; sourceTree = "<group>"; };
		1EA7530F2084976A005E612C /* ViewController.m */ = {isa = PBXFileReference; lastKnownFileType = sourcecode.c.objc; path = ViewController.m; sourceTree = "<group>"; };
		1EA753122084976A005E612C /* Base */ = {isa = PBXFileReference; lastKnownFileType = file.storyboard; name = Base; path = Base.lproj/Main.storyboard; sourceTree = "<group>"; };
		1EA753142084976A005E612C /* Assets.xcassets */ = {isa = PBXFileReference; lastKnownFileType = folder.assetcatalog; path = Assets.xcassets; sourceTree = "<group>"; };
		1EA753172084976A005E612C /* Base */ = {isa = PBXFileReference; lastKnownFileType = file.storyboard; name = Base; path = Base.lproj/LaunchScreen.storyboard; sourceTree = "<group>"; };
		1EA753192084976A005E612C /* Info.plist */ = {isa = PBXFileReference; lastKnownFileType = text.plist.xml; path = Info.plist; sourceTree = "<group>"; };
		1EA7531A2084976A005E612C /* main.m */ = {isa = PBXFileReference; lastKnownFileType = sourcecode.c.objc; path = main.m; sourceTree = "<group>"; };
		1EA753202084976A005E612C /* SPKitTests.xctest */ = {isa = PBXFileReference; explicitFileType = wrapper.cfbundle; includeInIndex = 0; path = SPKitTests.xctest; sourceTree = BUILT_PRODUCTS_DIR; };
		1EA753242084976A005E612C /* SPKitTests.m */ = {isa = PBXFileReference; lastKnownFileType = sourcecode.c.objc; path = SPKitTests.m; sourceTree = "<group>"; };
		1EA753262084976A005E612C /* Info.plist */ = {isa = PBXFileReference; lastKnownFileType = text.plist.xml; path = Info.plist; sourceTree = "<group>"; };
		1EA7532B2084976A005E612C /* SPKitUITests.xctest */ = {isa = PBXFileReference; explicitFileType = wrapper.cfbundle; includeInIndex = 0; path = SPKitUITests.xctest; sourceTree = BUILT_PRODUCTS_DIR; };
		1EA7532F2084976A005E612C /* SPKitUITests.m */ = {isa = PBXFileReference; lastKnownFileType = sourcecode.c.objc; path = SPKitUITests.m; sourceTree = "<group>"; };
		1EA753312084976A005E612C /* Info.plist */ = {isa = PBXFileReference; lastKnownFileType = text.plist.xml; path = Info.plist; sourceTree = "<group>"; };
		1EA7534120849C8C005E612C /* NSObject+SPUtil.h */ = {isa = PBXFileReference; lastKnownFileType = sourcecode.c.h; path = "NSObject+SPUtil.h"; sourceTree = "<group>"; };
		1EA7534220849C8C005E612C /* NSObject+SPUtil.m */ = {isa = PBXFileReference; lastKnownFileType = sourcecode.c.objc; path = "NSObject+SPUtil.m"; sourceTree = "<group>"; };
		3D756942B13C45D20887E1BB /* Pods-SPKit.debug.xcconfig */ = {isa = PBXFileReference; includeInIndex = 1; lastKnownFileType = text.xcconfig; name = "Pods-SPKit.debug.xcconfig"; path = "Pods/Target Support Files/Pods-SPKit/Pods-SPKit.debug.xcconfig"; sourceTree = "<group>"; };
		D993D13D91D0C95BD1BE8835 /* libPods-SPKit.a */ = {isa = PBXFileReference; explicitFileType = archive.ar; includeInIndex = 0; path = "libPods-SPKit.a"; sourceTree = BUILT_PRODUCTS_DIR; };
		F88C00A8E963A2086581C286 /* Pods-SPKit.release.xcconfig */ = {isa = PBXFileReference; includeInIndex = 1; lastKnownFileType = text.xcconfig; name = "Pods-SPKit.release.xcconfig"; path = "Pods/Target Support Files/Pods-SPKit/Pods-SPKit.release.xcconfig"; sourceTree = "<group>"; };
/* End PBXFileReference section */

/* Begin PBXFrameworksBuildPhase section */
		1EA753052084976A005E612C /* Frameworks */ = {
			isa = PBXFrameworksBuildPhase;
			buildActionMask = 2147483647;
			files = (
				459A5DA653CA9AA591FDDD31 /* libPods-SPKit.a in Frameworks */,
			);
			runOnlyForDeploymentPostprocessing = 0;
		};
		1EA7531D2084976A005E612C /* Frameworks */ = {
			isa = PBXFrameworksBuildPhase;
			buildActionMask = 2147483647;
			files = (
			);
			runOnlyForDeploymentPostprocessing = 0;
		};
		1EA753282084976A005E612C /* Frameworks */ = {
			isa = PBXFrameworksBuildPhase;
			buildActionMask = 2147483647;
			files = (
			);
			runOnlyForDeploymentPostprocessing = 0;
		};
/* End PBXFrameworksBuildPhase section */

/* Begin PBXGroup section */
		06211D9B4DDE18D0C4B68814 /* Pods */ = {
			isa = PBXGroup;
			children = (
				3D756942B13C45D20887E1BB /* Pods-SPKit.debug.xcconfig */,
				F88C00A8E963A2086581C286 /* Pods-SPKit.release.xcconfig */,
			);
			name = Pods;
			sourceTree = "<group>";
		};
		1EA752FF2084976A005E612C = {
			isa = PBXGroup;
			children = (
				1EA7530A2084976A005E612C /* SPKit */,
				1EA753232084976A005E612C /* SPKitTests */,
				1EA7532E2084976A005E612C /* SPKitUITests */,
				1EA753092084976A005E612C /* Products */,
				06211D9B4DDE18D0C4B68814 /* Pods */,
				548632F7DBD65BB9607A450B /* Frameworks */,
			);
			sourceTree = "<group>";
		};
		1EA753092084976A005E612C /* Products */ = {
			isa = PBXGroup;
			children = (
				1EA753082084976A005E612C /* SPKit.app */,
				1EA753202084976A005E612C /* SPKitTests.xctest */,
				1EA7532B2084976A005E612C /* SPKitUITests.xctest */,
			);
			name = Products;
			sourceTree = "<group>";
		};
		1EA7530A2084976A005E612C /* SPKit */ = {
			isa = PBXGroup;
			children = (
				1EA7533D20849958005E612C /* Base */,
				1EA7530B2084976A005E612C /* AppDelegate.h */,
				1EA7530C2084976A005E612C /* AppDelegate.m */,
				1EA7530E2084976A005E612C /* ViewController.h */,
				1EA7530F2084976A005E612C /* ViewController.m */,
				1EA753112084976A005E612C /* Main.storyboard */,
				1EA753142084976A005E612C /* Assets.xcassets */,
				1EA753162084976A005E612C /* LaunchScreen.storyboard */,
				1EA753192084976A005E612C /* Info.plist */,
				1EA7531A2084976A005E612C /* main.m */,
			);
			path = SPKit;
			sourceTree = "<group>";
		};
		1EA753232084976A005E612C /* SPKitTests */ = {
			isa = PBXGroup;
			children = (
				1EA753242084976A005E612C /* SPKitTests.m */,
				1EA753262084976A005E612C /* Info.plist */,
			);
			path = SPKitTests;
			sourceTree = "<group>";
		};
		1EA7532E2084976A005E612C /* SPKitUITests */ = {
			isa = PBXGroup;
			children = (
				1EA7532F2084976A005E612C /* SPKitUITests.m */,
				1EA753312084976A005E612C /* Info.plist */,
			);
			path = SPKitUITests;
			sourceTree = "<group>";
		};
		1EA7533D20849958005E612C /* Base */ = {
			isa = PBXGroup;
			children = (
				1EA7534120849C8C005E612C /* NSObject+SPUtil.h */,
				1EA7534220849C8C005E612C /* NSObject+SPUtil.m */,
			);
			path = Base;
			sourceTree = "<group>";
		};
		548632F7DBD65BB9607A450B /* Frameworks */ = {
			isa = PBXGroup;
			children = (
				D993D13D91D0C95BD1BE8835 /* libPods-SPKit.a */,
			);
			name = Frameworks;
			sourceTree = "<group>";
		};
/* End PBXGroup section */

/* Begin PBXNativeTarget section */
		1EA753072084976A005E612C /* SPKit */ = {
			isa = PBXNativeTarget;
			buildConfigurationList = 1EA753342084976A005E612C /* Build configuration list for PBXNativeTarget "SPKit" */;
			buildPhases = (
				2CB0D917F4FCFDE590CFDB0B /* [CP] Check Pods Manifest.lock */,
				1EA753042084976A005E612C /* Sources */,
				1EA753052084976A005E612C /* Frameworks */,
				1EA753062084976A005E612C /* Resources */,
				A58A2B54BACEB9E15A62F52C /* [CP] Embed Pods Frameworks */,
				4CAF0B932AA3FD919DBB4B48 /* [CP] Copy Pods Resources */,
			);
			buildRules = (
			);
			dependencies = (
			);
			name = SPKit;
			productName = SPKit;
			productReference = 1EA753082084976A005E612C /* SPKit.app */;
			productType = "com.apple.product-type.application";
		};
		1EA7531F2084976A005E612C /* SPKitTests */ = {
			isa = PBXNativeTarget;
			buildConfigurationList = 1EA753372084976A005E612C /* Build configuration list for PBXNativeTarget "SPKitTests" */;
			buildPhases = (
				1EA7531C2084976A005E612C /* Sources */,
				1EA7531D2084976A005E612C /* Frameworks */,
				1EA7531E2084976A005E612C /* Resources */,
			);
			buildRules = (
			);
			dependencies = (
				1EA753222084976A005E612C /* PBXTargetDependency */,
			);
			name = SPKitTests;
			productName = SPKitTests;
			productReference = 1EA753202084976A005E612C /* SPKitTests.xctest */;
			productType = "com.apple.product-type.bundle.unit-test";
		};
		1EA7532A2084976A005E612C /* SPKitUITests */ = {
			isa = PBXNativeTarget;
			buildConfigurationList = 1EA7533A2084976A005E612C /* Build configuration list for PBXNativeTarget "SPKitUITests" */;
			buildPhases = (
				1EA753272084976A005E612C /* Sources */,
				1EA753282084976A005E612C /* Frameworks */,
				1EA753292084976A005E612C /* Resources */,
			);
			buildRules = (
			);
			dependencies = (
				1EA7532D2084976A005E612C /* PBXTargetDependency */,
			);
			name = SPKitUITests;
			productName = SPKitUITests;
			productReference = 1EA7532B2084976A005E612C /* SPKitUITests.xctest */;
			productType = "com.apple.product-type.bundle.ui-testing";
		};
/* End PBXNativeTarget section */

/* Begin PBXProject section */
		1EA753002084976A005E612C /* Project object */ = {
			isa = PBXProject;
			attributes = {
				LastUpgradeCheck = 0920;
				ORGANIZATIONNAME = "shiping li";
				TargetAttributes = {
					1EA753072084976A005E612C = {
						CreatedOnToolsVersion = 9.2;
						ProvisioningStyle = Automatic;
					};
					1EA7531F2084976A005E612C = {
						CreatedOnToolsVersion = 9.2;
						ProvisioningStyle = Automatic;
						TestTargetID = 1EA753072084976A005E612C;
					};
					1EA7532A2084976A005E612C = {
						CreatedOnToolsVersion = 9.2;
						ProvisioningStyle = Automatic;
						TestTargetID = 1EA753072084976A005E612C;
					};
				};
			};
			buildConfigurationList = 1EA753032084976A005E612C /* Build configuration list for PBXProject "SPKit" */;
			compatibilityVersion = "Xcode 8.0";
			developmentRegion = en;
			hasScannedForEncodings = 0;
			knownRegions = (
				en,
				Base,
			);
			mainGroup = 1EA752FF2084976A005E612C;
			productRefGroup = 1EA753092084976A005E612C /* Products */;
			projectDirPath = "";
			projectRoot = "";
			targets = (
				1EA753072084976A005E612C /* SPKit */,
				1EA7531F2084976A005E612C /* SPKitTests */,
				1EA7532A2084976A005E612C /* SPKitUITests */,
			);
		};
/* End PBXProject section */

/* Begin PBXResourcesBuildPhase section */
		1EA753062084976A005E612C /* Resources */ = {
			isa = PBXResourcesBuildPhase;
			buildActionMask = 2147483647;
			files = (
				1EA753182084976A005E612C /* LaunchScreen.storyboard in Resources */,
				1EA753152084976A005E612C /* Assets.xcassets in Resources */,
				1EA753132084976A005E612C /* Main.storyboard in Resources */,
			);
			runOnlyForDeploymentPostprocessing = 0;
		};
		1EA7531E2084976A005E612C /* Resources */ = {
			isa = PBXResourcesBuildPhase;
			buildActionMask = 2147483647;
			files = (
			);
			runOnlyForDeploymentPostprocessing = 0;
		};
		1EA753292084976A005E612C /* Resources */ = {
			isa = PBXResourcesBuildPhase;
			buildActionMask = 2147483647;
			files = (
			);
			runOnlyForDeploymentPostprocessing = 0;
		};
/* End PBXResourcesBuildPhase section */

/* Begin PBXShellScriptBuildPhase section */
		2CB0D917F4FCFDE590CFDB0B /* [CP] Check Pods Manifest.lock */ = {
			isa = PBXShellScriptBuildPhase;
			buildActionMask = 2147483647;
			files = (
			);
			inputPaths = (
			);
			name = "[CP] Check Pods Manifest.lock";
			outputPaths = (
			);
			runOnlyForDeploymentPostprocessing = 0;
			shellPath = /bin/sh;
			shellScript = "diff \"${PODS_ROOT}/../Podfile.lock\" \"${PODS_ROOT}/Manifest.lock\" > /dev/null\nif [ $? != 0 ] ; then\n    # print error to STDERR\n    echo \"error: The sandbox is not in sync with the Podfile.lock. Run 'pod install' or update your CocoaPods installation.\" >&2\n    exit 1\nfi\n";
			showEnvVarsInLog = 0;
		};
		4CAF0B932AA3FD919DBB4B48 /* [CP] Copy Pods Resources */ = {
			isa = PBXShellScriptBuildPhase;
			buildActionMask = 2147483647;
			files = (
			);
			inputPaths = (
			);
			name = "[CP] Copy Pods Resources";
			outputPaths = (
			);
			runOnlyForDeploymentPostprocessing = 0;
			shellPath = /bin/sh;
			shellScript = "\"${SRCROOT}/Pods/Target Support Files/Pods-SPKit/Pods-SPKit-resources.sh\"\n";
			showEnvVarsInLog = 0;
		};
		A58A2B54BACEB9E15A62F52C /* [CP] Embed Pods Frameworks */ = {
			isa = PBXShellScriptBuildPhase;
			buildActionMask = 2147483647;
			files = (
			);
			inputPaths = (
			);
			name = "[CP] Embed Pods Frameworks";
			outputPaths = (
			);
			runOnlyForDeploymentPostprocessing = 0;
			shellPath = /bin/sh;
			shellScript = "\"${SRCROOT}/Pods/Target Support Files/Pods-SPKit/Pods-SPKit-frameworks.sh\"\n";
			showEnvVarsInLog = 0;
		};
/* End PBXShellScriptBuildPhase section */

/* Begin PBXSourcesBuildPhase section */
		1EA753042084976A005E612C /* Sources */ = {
			isa = PBXSourcesBuildPhase;
			buildActionMask = 2147483647;
			files = (
				1EA7534320849C8C005E612C /* NSObject+SPUtil.m in Sources */,
				1EA753102084976A005E612C /* ViewController.m in Sources */,
				1EA7531B2084976A005E612C /* main.m in Sources */,
				1EA7530D2084976A005E612C /* AppDelegate.m in Sources */,
			);
			runOnlyForDeploymentPostprocessing = 0;
		};
		1EA7531C2084976A005E612C /* Sources */ = {
			isa = PBXSourcesBuildPhase;
			buildActionMask = 2147483647;
			files = (
				1EA753252084976A005E612C /* SPKitTests.m in Sources */,
			);
			runOnlyForDeploymentPostprocessing = 0;
		};
		1EA753272084976A005E612C /* Sources */ = {
			isa = PBXSourcesBuildPhase;
			buildActionMask = 2147483647;
			files = (
				1EA753302084976A005E612C /* SPKitUITests.m in Sources */,
			);
			runOnlyForDeploymentPostprocessing = 0;
		};
/* End PBXSourcesBuildPhase section */

/* Begin PBXTargetDependency section */
		1EA753222084976A005E612C /* PBXTargetDependency */ = {
			isa = PBXTargetDependency;
			target = 1EA753072084976A005E612C /* SPKit */;
			targetProxy = 1EA753212084976A005E612C /* PBXContainerItemProxy */;
		};
		1EA7532D2084976A005E612C /* PBXTargetDependency */ = {
			isa = PBXTargetDependency;
			target = 1EA753072084976A005E612C /* SPKit */;
			targetProxy = 1EA7532C2084976A005E612C /* PBXContainerItemProxy */;
		};
/* End PBXTargetDependency section */

/* Begin PBXVariantGroup section */
		1EA753112084976A005E612C /* Main.storyboard */ = {
			isa = PBXVariantGroup;
			children = (
				1EA753122084976A005E612C /* Base */,
			);
			name = Main.storyboard;
			sourceTree = "<group>";
		};
		1EA753162084976A005E612C /* LaunchScreen.storyboard */ = {
			isa = PBXVariantGroup;
			children = (
				1EA753172084976A005E612C /* Base */,
			);
			name = LaunchScreen.storyboard;
			sourceTree = "<group>";
		};
/* End PBXVariantGroup section */

/* Begin XCBuildConfiguration section */
		1EA753322084976A005E612C /* Debug */ = {
			isa = XCBuildConfiguration;
			buildSettings = {
				ALWAYS_SEARCH_USER_PATHS = NO;
				CLANG_ANALYZER_NONNULL = YES;
				CLANG_ANALYZER_NUMBER_OBJECT_CONVERSION = YES_AGGRESSIVE;
				CLANG_CXX_LANGUAGE_STANDARD = "gnu++14";
				CLANG_CXX_LIBRARY = "libc++";
				CLANG_ENABLE_MODULES = YES;
				CLANG_ENABLE_OBJC_ARC = YES;
				CLANG_WARN_BLOCK_CAPTURE_AUTORELEASING = YES;
				CLANG_WARN_BOOL_CONVERSION = YES;
				CLANG_WARN_COMMA = YES;
				CLANG_WARN_CONSTANT_CONVERSION = YES;
				CLANG_WARN_DIRECT_OBJC_ISA_USAGE = YES_ERROR;
				CLANG_WARN_DOCUMENTATION_COMMENTS = YES;
				CLANG_WARN_EMPTY_BODY = YES;
				CLANG_WARN_ENUM_CONVERSION = YES;
				CLANG_WARN_INFINITE_RECURSION = YES;
				CLANG_WARN_INT_CONVERSION = YES;
				CLANG_WARN_NON_LITERAL_NULL_CONVERSION = YES;
				CLANG_WARN_OBJC_LITERAL_CONVERSION = YES;
				CLANG_WARN_OBJC_ROOT_CLASS = YES_ERROR;
				CLANG_WARN_RANGE_LOOP_ANALYSIS = YES;
				CLANG_WARN_STRICT_PROTOTYPES = YES;
				CLANG_WARN_SUSPICIOUS_MOVE = YES;
				CLANG_WARN_UNGUARDED_AVAILABILITY = YES_AGGRESSIVE;
				CLANG_WARN_UNREACHABLE_CODE = YES;
				CLANG_WARN__DUPLICATE_METHOD_MATCH = YES;
				CODE_SIGN_IDENTITY = "iPhone Developer";
				COPY_PHASE_STRIP = NO;
				DEBUG_INFORMATION_FORMAT = dwarf;
				ENABLE_STRICT_OBJC_MSGSEND = YES;
				ENABLE_TESTABILITY = YES;
				GCC_C_LANGUAGE_STANDARD = gnu11;
				GCC_DYNAMIC_NO_PIC = NO;
				GCC_NO_COMMON_BLOCKS = YES;
				GCC_OPTIMIZATION_LEVEL = 0;
				GCC_PREPROCESSOR_DEFINITIONS = (
					"DEBUG=1",
					"$(inherited)",
				);
				GCC_WARN_64_TO_32_BIT_CONVERSION = YES;
				GCC_WARN_ABOUT_RETURN_TYPE = YES_ERROR;
				GCC_WARN_UNDECLARED_SELECTOR = YES;
				GCC_WARN_UNINITIALIZED_AUTOS = YES_AGGRESSIVE;
				GCC_WARN_UNUSED_FUNCTION = YES;
				GCC_WARN_UNUSED_VARIABLE = YES;
				IPHONEOS_DEPLOYMENT_TARGET = 11.2;
				MTL_ENABLE_DEBUG_INFO = YES;
				ONLY_ACTIVE_ARCH = YES;
				SDKROOT = iphoneos;
			};
			name = Debug;
		};
		1EA753332084976A005E612C /* Release */ = {
			isa = XCBuildConfiguration;
			buildSettings = {
				ALWAYS_SEARCH_USER_PATHS = NO;
				CLANG_ANALYZER_NONNULL = YES;
				CLANG_ANALYZER_NUMBER_OBJECT_CONVERSION = YES_AGGRESSIVE;
				CLANG_CXX_LANGUAGE_STANDARD = "gnu++14";
				CLANG_CXX_LIBRARY = "libc++";
				CLANG_ENABLE_MODULES = YES;
				CLANG_ENABLE_OBJC_ARC = YES;
				CLANG_WARN_BLOCK_CAPTURE_AUTORELEASING = YES;
				CLANG_WARN_BOOL_CONVERSION = YES;
				CLANG_WARN_COMMA = YES;
				CLANG_WARN_CONSTANT_CONVERSION = YES;
				CLANG_WARN_DIRECT_OBJC_ISA_USAGE = YES_ERROR;
				CLANG_WARN_DOCUMENTATION_COMMENTS = YES;
				CLANG_WARN_EMPTY_BODY = YES;
				CLANG_WARN_ENUM_CONVERSION = YES;
				CLANG_WARN_INFINITE_RECURSION = YES;
				CLANG_WARN_INT_CONVERSION = YES;
				CLANG_WARN_NON_LITERAL_NULL_CONVERSION = YES;
				CLANG_WARN_OBJC_LITERAL_CONVERSION = YES;
				CLANG_WARN_OBJC_ROOT_CLASS = YES_ERROR;
				CLANG_WARN_RANGE_LOOP_ANALYSIS = YES;
				CLANG_WARN_STRICT_PROTOTYPES = YES;
				CLANG_WARN_SUSPICIOUS_MOVE = YES;
				CLANG_WARN_UNGUARDED_AVAILABILITY = YES_AGGRESSIVE;
				CLANG_WARN_UNREACHABLE_CODE = YES;
				CLANG_WARN__DUPLICATE_METHOD_MATCH = YES;
				CODE_SIGN_IDENTITY = "iPhone Developer";
				COPY_PHASE_STRIP = NO;
				DEBUG_INFORMATION_FORMAT = "dwarf-with-dsym";
				ENABLE_NS_ASSERTIONS = NO;
				ENABLE_STRICT_OBJC_MSGSEND = YES;
				GCC_C_LANGUAGE_STANDARD = gnu11;
				GCC_NO_COMMON_BLOCKS = YES;
				GCC_WARN_64_TO_32_BIT_CONVERSION = YES;
				GCC_WARN_ABOUT_RETURN_TYPE = YES_ERROR;
				GCC_WARN_UNDECLARED_SELECTOR = YES;
				GCC_WARN_UNINITIALIZED_AUTOS = YES_AGGRESSIVE;
				GCC_WARN_UNUSED_FUNCTION = YES;
				GCC_WARN_UNUSED_VARIABLE = YES;
				IPHONEOS_DEPLOYMENT_TARGET = 11.2;
				MTL_ENABLE_DEBUG_INFO = NO;
				SDKROOT = iphoneos;
				VALIDATE_PRODUCT = YES;
			};
			name = Release;
		};
		1EA753352084976A005E612C /* Debug */ = {
			isa = XCBuildConfiguration;
			baseConfigurationReference = 3D756942B13C45D20887E1BB /* Pods-SPKit.debug.xcconfig */;
			buildSettings = {
				ASSETCATALOG_COMPILER_APPICON_NAME = AppIcon;
				CODE_SIGN_STYLE = Automatic;
				INFOPLIST_FILE = SPKit/Info.plist;
				LD_RUNPATH_SEARCH_PATHS = "$(inherited) @executable_path/Frameworks";
				PRODUCT_BUNDLE_IDENTIFIER = lishiping.SPKit;
				PRODUCT_NAME = "$(TARGET_NAME)";
				TARGETED_DEVICE_FAMILY = "1,2";
			};
			name = Debug;
		};
		1EA753362084976A005E612C /* Release */ = {
			isa = XCBuildConfiguration;
			baseConfigurationReference = F88C00A8E963A2086581C286 /* Pods-SPKit.release.xcconfig */;
			buildSettings = {
				ASSETCATALOG_COMPILER_APPICON_NAME = AppIcon;
				CODE_SIGN_STYLE = Automatic;
				INFOPLIST_FILE = SPKit/Info.plist;
				LD_RUNPATH_SEARCH_PATHS = "$(inherited) @executable_path/Frameworks";
				PRODUCT_BUNDLE_IDENTIFIER = lishiping.SPKit;
				PRODUCT_NAME = "$(TARGET_NAME)";
				TARGETED_DEVICE_FAMILY = "1,2";
			};
			name = Release;
		};
		1EA753382084976A005E612C /* Debug */ = {
			isa = XCBuildConfiguration;
			buildSettings = {
				BUNDLE_LOADER = "$(TEST_HOST)";
				CODE_SIGN_STYLE = Automatic;
				INFOPLIST_FILE = SPKitTests/Info.plist;
				LD_RUNPATH_SEARCH_PATHS = "$(inherited) @executable_path/Frameworks @loader_path/Frameworks";
				PRODUCT_BUNDLE_IDENTIFIER = lishiping.SPKitTests;
				PRODUCT_NAME = "$(TARGET_NAME)";
				TARGETED_DEVICE_FAMILY = "1,2";
				TEST_HOST = "$(BUILT_PRODUCTS_DIR)/SPKit.app/SPKit";
			};
			name = Debug;
		};
		1EA753392084976A005E612C /* Release */ = {
			isa = XCBuildConfiguration;
			buildSettings = {
				BUNDLE_LOADER = "$(TEST_HOST)";
				CODE_SIGN_STYLE = Automatic;
				INFOPLIST_FILE = SPKitTests/Info.plist;
				LD_RUNPATH_SEARCH_PATHS = "$(inherited) @executable_path/Frameworks @loader_path/Frameworks";
				PRODUCT_BUNDLE_IDENTIFIER = lishiping.SPKitTests;
				PRODUCT_NAME = "$(TARGET_NAME)";
				TARGETED_DEVICE_FAMILY = "1,2";
				TEST_HOST = "$(BUILT_PRODUCTS_DIR)/SPKit.app/SPKit";
			};
			name = Release;
		};
		1EA7533B2084976A005E612C /* Debug */ = {
			isa = XCBuildConfiguration;
			buildSettings = {
				CODE_SIGN_STYLE = Automatic;
				INFOPLIST_FILE = SPKitUITests/Info.plist;
				LD_RUNPATH_SEARCH_PATHS = "$(inherited) @executable_path/Frameworks @loader_path/Frameworks";
				PRODUCT_BUNDLE_IDENTIFIER = lishiping.SPKitUITests;
				PRODUCT_NAME = "$(TARGET_NAME)";
				TARGETED_DEVICE_FAMILY = "1,2";
				TEST_TARGET_NAME = SPKit;
			};
			name = Debug;
		};
		1EA7533C2084976A005E612C /* Release */ = {
			isa = XCBuildConfiguration;
			buildSettings = {
				CODE_SIGN_STYLE = Automatic;
				INFOPLIST_FILE = SPKitUITests/Info.plist;
				LD_RUNPATH_SEARCH_PATHS = "$(inherited) @executable_path/Frameworks @loader_path/Frameworks";
				PRODUCT_BUNDLE_IDENTIFIER = lishiping.SPKitUITests;
				PRODUCT_NAME = "$(TARGET_NAME)";
				TARGETED_DEVICE_FAMILY = "1,2";
				TEST_TARGET_NAME = SPKit;
			};
			name = Release;
		};
/* End XCBuildConfiguration section */

/* Begin XCConfigurationList section */
		1EA753032084976A005E612C /* Build configuration list for PBXProject "SPKit" */ = {
			isa = XCConfigurationList;
			buildConfigurations = (
				1EA753322084976A005E612C /* Debug */,
				1EA753332084976A005E612C /* Release */,
			);
			defaultConfigurationIsVisible = 0;
			defaultConfigurationName = Release;
		};
		1EA753342084976A005E612C /* Build configuration list for PBXNativeTarget "SPKit" */ = {
			isa = XCConfigurationList;
			buildConfigurations = (
				1EA753352084976A005E612C /* Debug */,
				1EA753362084976A005E612C /* Release */,
			);
			defaultConfigurationIsVisible = 0;
			defaultConfigurationName = Release;
		};
		1EA753372084976A005E612C /* Build configuration list for PBXNativeTarget "SPKitTests" */ = {
			isa = XCConfigurationList;
			buildConfigurations = (
				1EA753382084976A005E612C /* Debug */,
				1EA753392084976A005E612C /* Release */,
			);
			defaultConfigurationIsVisible = 0;
			defaultConfigurationName = Release;
		};
		1EA7533A2084976A005E612C /* Build configuration list for PBXNativeTarget "SPKitUITests" */ = {
			isa = XCConfigurationList;
			buildConfigurations = (
				1EA7533B2084976A005E612C /* Debug */,
				1EA7533C2084976A005E612C /* Release */,
			);
			defaultConfigurationIsVisible = 0;
			defaultConfigurationName = Release;
		};
/* End XCConfigurationList section */
	};
	rootObject = 1EA753002084976A005E612C /* Project object */;
}
